
Microsoft Visual Studio Solution File, Format Version 12.00
# Visual Studio 15
VisualStudioVersion = 15.0.26430.14
MinimumVisualStudioVersion = 10.0.40219.1
Project("{FAE04EC0-301F-11D3-BF4B-00C04F79EFBC}") = "Chatbot201707", "Chatbot201707\Chatbot201707.csproj", "{AE1C757E-14EE-4F4C-8EF8-9E43BCA8CA83}"
EndProject
Global
	GlobalSection(SolutionConfigurationPlatforms) = preSolution
		Debug|Any CPU = Debug|Any CPU
		Release|Any CPU = Release|Any CPU
	EndGlobalSection
	GlobalSection(ProjectConfigurationPlatforms) = postSolution
		{AE1C757E-14EE-4F4C-8EF8-9E43BCA8CA83}.Debug|Any CPU.ActiveCfg = Debug|Any CPU
		{AE1C757E-14EE-4F4C-8EF8-9E43BCA8CA83}.Debug|Any CPU.Build.0 = Debug|Any CPU
		{AE1C757E-14EE-4F4C-8EF8-9E43BCA8CA83}.Release|Any CPU.ActiveCfg = Release|Any CPU
		{AE1C757E-14EE-4F4C-8EF8-9E43BCA8CA83}.Release|Any CPU.Build.0 = Release|Any CPU
	EndGlobalSection
	GlobalSection(SolutionProperties) = preSolution
		HideSolutionNode = FALSE
	EndGlobalSection
EndGlobal
